
Microsoft Visual Studio Solution File, Format Version 12.00
# Visual Studio 15
VisualStudioVersion = 15.0.27703.2035
MinimumVisualStudioVersion = 10.0.40219.1
Project("{FAE04EC0-301F-11D3-BF4B-00C04F79EFBC}") = "Estudo de CSharp", "Estudo de CSharp\Estudo de CSharp.csproj", "{187E31DB-ADA0-4859-AF89-128641A24C2E}"
EndProject
Global
	GlobalSection(SolutionConfigurationPlatforms) = preSolution
		Debug|Any CPU = Debug|Any CPU
		Release|Any CPU = Release|Any CPU
	EndGlobalSection
	GlobalSection(ProjectConfigurationPlatforms) = postSolution
		{187E31DB-ADA0-4859-AF89-128641A24C2E}.Debug|Any CPU.ActiveCfg = Debug|Any CPU
		{187E31DB-ADA0-4859-AF89-128641A24C2E}.Debug|Any CPU.Build.0 = Debug|Any CPU
		{187E31DB-ADA0-4859-AF89-128641A24C2E}.Release|Any CPU.ActiveCfg = Release|Any CPU
		{187E31DB-ADA0-4859-AF89-128641A24C2E}.Release|Any CPU.Build.0 = Release|Any CPU
	EndGlobalSection
	GlobalSection(SolutionProperties) = preSolution
		HideSolutionNode = FALSE
	EndGlobalSection
	GlobalSection(ExtensibilityGlobals) = postSolution
		SolutionGuid = {070BE8F3-EDE0-4E49-89D7-EEAA1C715D7D}
	EndGlobalSection
EndGlobal
